
Microsoft Visual Studio Solution File, Format Version 12.00
# Visual Studio Version 17
VisualStudioVersion = 17.6.33815.320
MinimumVisualStudioVersion = 10.0.40219.1
Project("{2150E333-8FDC-42A3-9474-1A3956D46DE8}") = "src", "src", "{5ED252A4-7365-4795-B48C-4727FEE763CB}"
EndProject
Project("{2150E333-8FDC-42A3-9474-1A3956D46DE8}") = "test", "test", "{47B11B6D-0817-4D70-9CBC-6BDA4E5440E9}"
EndProject
Project("{FAE04EC0-301F-11D3-BF4B-00C04F79EFBC}") = "DockerCompose.WebApi", "src\DockerCompose.WebApi\DockerCompose.WebApi.csproj", "{B3FBF51B-9121-4A8B-BC71-57B8212FC855}"
EndProject
Global
	GlobalSection(SolutionConfigurationPlatforms) = preSolution
		Debug|Any CPU = Debug|Any CPU
		Release|Any CPU = Release|Any CPU
	EndGlobalSection
	GlobalSection(ProjectConfigurationPlatforms) = postSolution
		{B3FBF51B-9121-4A8B-BC71-57B8212FC855}.Debug|Any CPU.ActiveCfg = Debug|Any CPU
		{B3FBF51B-9121-4A8B-BC71-57B8212FC855}.Debug|Any CPU.Build.0 = Debug|Any CPU
		{B3FBF51B-9121-4A8B-BC71-57B8212FC855}.Release|Any CPU.ActiveCfg = Release|Any CPU
		{B3FBF51B-9121-4A8B-BC71-57B8212FC855}.Release|Any CPU.Build.0 = Release|Any CPU
	EndGlobalSection
	GlobalSection(SolutionProperties) = preSolution
		HideSolutionNode = FALSE
	EndGlobalSection
	GlobalSection(NestedProjects) = preSolution
		{B3FBF51B-9121-4A8B-BC71-57B8212FC855} = {5ED252A4-7365-4795-B48C-4727FEE763CB}
	EndGlobalSection
	GlobalSection(ExtensibilityGlobals) = postSolution
		SolutionGuid = {6C33AC30-480F-4DF4-87DD-CB161F7ED06D}
	EndGlobalSection
EndGlobal
